
Microsoft Visual Studio Solution File, Format Version 12.00
# Visual Studio 15
VisualStudioVersion = 15.0.28307.421
MinimumVisualStudioVersion = 10.0.40219.1
Project("{FAE04EC0-301F-11D3-BF4B-00C04F79EFBC}") = "BurakProje", "BurakProje\BurakProje.csproj", "{33BF34A0-7E2A-4A6E-86F5-942E63F31F41}"
EndProject
Global
	GlobalSection(SolutionConfigurationPlatforms) = preSolution
		Debug|Any CPU = Debug|Any CPU
		Release|Any CPU = Release|Any CPU
	EndGlobalSection
	GlobalSection(ProjectConfigurationPlatforms) = postSolution
		{33BF34A0-7E2A-4A6E-86F5-942E63F31F41}.Debug|Any CPU.ActiveCfg = Debug|Any CPU
		{33BF34A0-7E2A-4A6E-86F5-942E63F31F41}.Debug|Any CPU.Build.0 = Debug|Any CPU
		{33BF34A0-7E2A-4A6E-86F5-942E63F31F41}.Release|Any CPU.ActiveCfg = Release|Any CPU
		{33BF34A0-7E2A-4A6E-86F5-942E63F31F41}.Release|Any CPU.Build.0 = Release|Any CPU
	EndGlobalSection
	GlobalSection(SolutionProperties) = preSolution
		HideSolutionNode = FALSE
	EndGlobalSection
	GlobalSection(ExtensibilityGlobals) = postSolution
		SolutionGuid = {45123F00-D463-4742-AD60-BE95E5ADE5AA}
	EndGlobalSection
EndGlobal
